// !$*UTF8*$!
{
	archiveVersion = 1;
	classes = {
	};
	objectVersion = 46;
	objects = {

/* Begin PBXBuildFile section */
		6A0714FC1FC9051C009AEA97 /* GoogleService-Info.plist in Resources */ = {isa = PBXBuildFile; fileRef = 6A0714FB1FC9051C009AEA97 /* GoogleService-Info.plist */; };
		6AFA015A1FBFCC8B0032167F /* AppDelegate.swift in Sources */ = {isa = PBXBuildFile; fileRef = 6AFA01591FBFCC8B0032167F /* AppDelegate.swift */; };
		6AFA015C1FBFCC8B0032167F /* ViewController.swift in Sources */ = {isa = PBXBuildFile; fileRef = 6AFA015B1FBFCC8B0032167F /* ViewController.swift */; };
		6AFA015F1FBFCC8B0032167F /* Main.storyboard in Resources */ = {isa = PBXBuildFile; fileRef = 6AFA015D1FBFCC8B0032167F /* Main.storyboard */; };
		6AFA01611FBFCC8B0032167F /* Assets.xcassets in Resources */ = {isa = PBXBuildFile; fileRef = 6AFA01601FBFCC8B0032167F /* Assets.xcassets */; };
		6AFA01641FBFCC8B0032167F /* LaunchScreen.storyboard in Resources */ = {isa = PBXBuildFile; fileRef = 6AFA01621FBFCC8B0032167F /* LaunchScreen.storyboard */; };
		C21E91A379F88C386DF43494 /* libPods-uas bisma.a in Frameworks */ = {isa = PBXBuildFile; fileRef = 9099848E5F4C986454E4A381 /* libPods-uas bisma.a */; };
/* End PBXBuildFile section */

/* Begin PBXFileReference section */
		41653E379A72A41EC1146A09 /* Pods-uas bisma.release.xcconfig */ = {isa = PBXFileReference; includeInIndex = 1; lastKnownFileType = text.xcconfig; name = "Pods-uas bisma.release.xcconfig"; path = "Pods/Target Support Files/Pods-uas bisma/Pods-uas bisma.release.xcconfig"; sourceTree = "<group>"; };
		6A0714FB1FC9051C009AEA97 /* GoogleService-Info.plist */ = {isa = PBXFileReference; lastKnownFileType = text.plist.xml; path = "GoogleService-Info.plist"; sourceTree = "<group>"; };
		6AFA01561FBFCC8B0032167F /* uas bisma.app */ = {isa = PBXFileReference; explicitFileType = wrapper.application; includeInIndex = 0; path = "uas bisma.app"; sourceTree = BUILT_PRODUCTS_DIR; };
		6AFA01591FBFCC8B0032167F /* AppDelegate.swift */ = {isa = PBXFileReference; lastKnownFileType = sourcecode.swift; path = AppDelegate.swift; sourceTree = "<group>"; };
		6AFA015B1FBFCC8B0032167F /* ViewController.swift */ = {isa = PBXFileReference; lastKnownFileType = sourcecode.swift; path = ViewController.swift; sourceTree = "<group>"; };
		6AFA015E1FBFCC8B0032167F /* Base */ = {isa = PBXFileReference; lastKnownFileType = file.storyboard; name = Base; path = Base.lproj/Main.storyboard; sourceTree = "<group>"; };
		6AFA01601FBFCC8B0032167F /* Assets.xcassets */ = {isa = PBXFileReference; lastKnownFileType = folder.assetcatalog; path = Assets.xcassets; sourceTree = "<group>"; };
		6AFA01631FBFCC8B0032167F /* Base */ = {isa = PBXFileReference; lastKnownFileType = file.storyboard; name = Base; path = Base.lproj/LaunchScreen.storyboard; sourceTree = "<group>"; };
		6AFA01651FBFCC8B0032167F /* Info.plist */ = {isa = PBXFileReference; lastKnownFileType = text.plist.xml; path = Info.plist; sourceTree = "<group>"; };
		9099848E5F4C986454E4A381 /* libPods-uas bisma.a */ = {isa = PBXFileReference; explicitFileType = archive.ar; includeInIndex = 0; path = "libPods-uas bisma.a"; sourceTree = BUILT_PRODUCTS_DIR; };
		ABA8BBA0C630A679292458D0 /* Pods-uas bisma.debug.xcconfig */ = {isa = PBXFileReference; includeInIndex = 1; lastKnownFileType = text.xcconfig; name = "Pods-uas bisma.debug.xcconfig"; path = "Pods/Target Support Files/Pods-uas bisma/Pods-uas bisma.debug.xcconfig"; sourceTree = "<group>"; };
/* End PBXFileReference section */

/* Begin PBXFrameworksBuildPhase section */
		6AFA01531FBFCC8B0032167F /* Frameworks */ = {
			isa = PBXFrameworksBuildPhase;
			buildActionMask = 2147483647;
			files = (
				C21E91A379F88C386DF43494 /* libPods-uas bisma.a in Frameworks */,
			);
			runOnlyForDeploymentPostprocessing = 0;
		};
/* End PBXFrameworksBuildPhase section */

/* Begin PBXGroup section */
		065EEB417CCF71D15E0B02DF /* Pods */ = {
			isa = PBXGroup;
			children = (
				ABA8BBA0C630A679292458D0 /* Pods-uas bisma.debug.xcconfig */,
				41653E379A72A41EC1146A09 /* Pods-uas bisma.release.xcconfig */,
			);
			name = Pods;
			sourceTree = "<group>";
		};
		551DBE07C8C094568DCAD2CE /* Frameworks */ = {
			isa = PBXGroup;
			children = (
				9099848E5F4C986454E4A381 /* libPods-uas bisma.a */,
			);
			name = Frameworks;
			sourceTree = "<group>";
		};
		6AFA014D1FBFCC8B0032167F = {
			isa = PBXGroup;
			children = (
				6A0714FB1FC9051C009AEA97 /* GoogleService-Info.plist */,
				6AFA01581FBFCC8B0032167F /* uas bisma */,
				6AFA01571FBFCC8B0032167F /* Products */,
				065EEB417CCF71D15E0B02DF /* Pods */,
				551DBE07C8C094568DCAD2CE /* Frameworks */,
			);
			sourceTree = "<group>";
		};
		6AFA01571FBFCC8B0032167F /* Products */ = {
			isa = PBXGroup;
			children = (
				6AFA01561FBFCC8B0032167F /* uas bisma.app */,
			);
			name = Products;
			sourceTree = "<group>";
		};
		6AFA01581FBFCC8B0032167F /* uas bisma */ = {
			isa = PBXGroup;
			children = (
				6AFA01591FBFCC8B0032167F /* AppDelegate.swift */,
				6AFA015B1FBFCC8B0032167F /* ViewController.swift */,
				6AFA015D1FBFCC8B0032167F /* Main.storyboard */,
				6AFA01601FBFCC8B0032167F /* Assets.xcassets */,
				6AFA01621FBFCC8B0032167F /* LaunchScreen.storyboard */,
				6AFA01651FBFCC8B0032167F /* Info.plist */,
			);
			path = "uas bisma";
			sourceTree = "<group>";
		};
/* End PBXGroup section */

/* Begin PBXNativeTarget section */
		6AFA01551FBFCC8B0032167F /* uas bisma */ = {
			isa = PBXNativeTarget;
			buildConfigurationList = 6AFA01681FBFCC8B0032167F /* Build configuration list for PBXNativeTarget "uas bisma" */;
			buildPhases = (
				791B217B44D6917725832E17 /* [CP] Check Pods Manifest.lock */,
				6AFA01521FBFCC8B0032167F /* Sources */,
				6AFA01531FBFCC8B0032167F /* Frameworks */,
				6AFA01541FBFCC8B0032167F /* Resources */,
				CD4E2F9DC33AA62E0F404C86 /* [CP] Embed Pods Frameworks */,
				7AE368A60E3D3383CD3A05A5 /* [CP] Copy Pods Resources */,
			);
			buildRules = (
			);
			dependencies = (
			);
			name = "uas bisma";
			productName = "uas bisma";
			productReference = 6AFA01561FBFCC8B0032167F /* uas bisma.app */;
			productType = "com.apple.product-type.application";
		};
/* End PBXNativeTarget section */

/* Begin PBXProject section */
		6AFA014E1FBFCC8B0032167F /* Project object */ = {
			isa = PBXProject;
			attributes = {
				LastSwiftUpdateCheck = 0820;
				LastUpgradeCheck = 0820;
				ORGANIZATIONNAME = "ios3-umn";
				TargetAttributes = {
					6AFA01551FBFCC8B0032167F = {
						CreatedOnToolsVersion = 8.2.1;
						ProvisioningStyle = Automatic;
					};
				};
			};
			buildConfigurationList = 6AFA01511FBFCC8B0032167F /* Build configuration list for PBXProject "uas bisma" */;
			compatibilityVersion = "Xcode 3.2";
			developmentRegion = English;
			hasScannedForEncodings = 0;
			knownRegions = (
				en,
				Base,
			);
			mainGroup = 6AFA014D1FBFCC8B0032167F;
			productRefGroup = 6AFA01571FBFCC8B0032167F /* Products */;
			projectDirPath = "";
			projectRoot = "";
			targets = (
				6AFA01551FBFCC8B0032167F /* uas bisma */,
			);
		};
/* End PBXProject section */

/* Begin PBXResourcesBuildPhase section */
		6AFA01541FBFCC8B0032167F /* Resources */ = {
			isa = PBXResourcesBuildPhase;
			buildActionMask = 2147483647;
			files = (
				6A0714FC1FC9051C009AEA97 /* GoogleService-Info.plist in Resources */,
				6AFA01641FBFCC8B0032167F /* LaunchScreen.storyboard in Resources */,
				6AFA01611FBFCC8B0032167F /* Assets.xcassets in Resources */,
				6AFA015F1FBFCC8B0032167F /* Main.storyboard in Resources */,
			);
			runOnlyForDeploymentPostprocessing = 0;
		};
/* End PBXResourcesBuildPhase section */

/* Begin PBXShellScriptBuildPhase section */
		791B217B44D6917725832E17 /* [CP] Check Pods Manifest.lock */ = {
			isa = PBXShellScriptBuildPhase;
			buildActionMask = 2147483647;
			files = (
			);
			inputPaths = (
				"${PODS_PODFILE_DIR_PATH}/Podfile.lock",
				"${PODS_ROOT}/Manifest.lock",
			);
			name = "[CP] Check Pods Manifest.lock";
			outputPaths = (
				"$(DERIVED_FILE_DIR)/Pods-uas bisma-checkManifestLockResult.txt",
			);
			runOnlyForDeploymentPostprocessing = 0;
			shellPath = /bin/sh;
			shellScript = "diff \"${PODS_PODFILE_DIR_PATH}/Podfile.lock\" \"${PODS_ROOT}/Manifest.lock\" > /dev/null\nif [ $? != 0 ] ; then\n    # print error to STDERR\n    echo \"error: The sandbox is not in sync with the Podfile.lock. Run 'pod install' or update your CocoaPods installation.\" >&2\n    exit 1\nfi\n# This output is used by Xcode 'outputs' to avoid re-running this script phase.\necho \"SUCCESS\" > \"${SCRIPT_OUTPUT_FILE_0}\"\n";
			showEnvVarsInLog = 0;
		};
		7AE368A60E3D3383CD3A05A5 /* [CP] Copy Pods Resources */ = {
			isa = PBXShellScriptBuildPhase;
			buildActionMask = 2147483647;
			files = (
			);
			inputPaths = (
				"${SRCROOT}/Pods/Target Support Files/Pods-uas bisma/Pods-uas bisma-resources.sh",
				"${PODS_ROOT}/JSQMessagesViewController/JSQMessagesViewController/Assets/JSQMessagesAssets.bundle",
				"${PODS_ROOT}/JSQMessagesViewController/JSQMessagesViewController/Controllers/JSQMessagesViewController.xib",
				"${PODS_ROOT}/JSQMessagesViewController/JSQMessagesViewController/Views/JSQMessagesCollectionViewCellIncoming.xib",
				"${PODS_ROOT}/JSQMessagesViewController/JSQMessagesViewController/Views/JSQMessagesCollectionViewCellOutgoing.xib",
				"${PODS_ROOT}/JSQMessagesViewController/JSQMessagesViewController/Views/JSQMessagesLoadEarlierHeaderView.xib",
				"${PODS_ROOT}/JSQMessagesViewController/JSQMessagesViewController/Views/JSQMessagesToolbarContentView.xib",
				"${PODS_ROOT}/JSQMessagesViewController/JSQMessagesViewController/Views/JSQMessagesTypingIndicatorFooterView.xib",
			);
			name = "[CP] Copy Pods Resources";
			outputPaths = (
				"${TARGET_BUILD_DIR}/${UNLOCALIZED_RESOURCES_FOLDER_PATH}",
			);
			runOnlyForDeploymentPostprocessing = 0;
			shellPath = /bin/sh;
			shellScript = "\"${SRCROOT}/Pods/Target Support Files/Pods-uas bisma/Pods-uas bisma-resources.sh\"\n";
			showEnvVarsInLog = 0;
		};
		CD4E2F9DC33AA62E0F404C86 /* [CP] Embed Pods Frameworks */ = {
			isa = PBXShellScriptBuildPhase;
			buildActionMask = 2147483647;
			files = (
			);
			inputPaths = (
			);
			name = "[CP] Embed Pods Frameworks";
			outputPaths = (
			);
			runOnlyForDeploymentPostprocessing = 0;
			shellPath = /bin/sh;
			shellScript = "\"${SRCROOT}/Pods/Target Support Files/Pods-uas bisma/Pods-uas bisma-frameworks.sh\"\n";
			showEnvVarsInLog = 0;
		};
/* End PBXShellScriptBuildPhase section */

/* Begin PBXSourcesBuildPhase section */
		6AFA01521FBFCC8B0032167F /* Sources */ = {
			isa = PBXSourcesBuildPhase;
			buildActionMask = 2147483647;
			files = (
				6AFA015C1FBFCC8B0032167F /* ViewController.swift in Sources */,
				6AFA015A1FBFCC8B0032167F /* AppDelegate.swift in Sources */,
			);
			runOnlyForDeploymentPostprocessing = 0;
		};
/* End PBXSourcesBuildPhase section */

/* Begin PBXVariantGroup section */
		6AFA015D1FBFCC8B0032167F /* Main.storyboard */ = {
			isa = PBXVariantGroup;
			children = (
				6AFA015E1FBFCC8B0032167F /* Base */,
			);
			name = Main.storyboard;
			sourceTree = "<group>";
		};
		6AFA01621FBFCC8B0032167F /* LaunchScreen.storyboard */ = {
			isa = PBXVariantGroup;
			children = (
				6AFA01631FBFCC8B0032167F /* Base */,
			);
			name = LaunchScreen.storyboard;
			sourceTree = "<group>";
		};
/* End PBXVariantGroup section */

/* Begin XCBuildConfiguration section */
		6AFA01661FBFCC8B0032167F /* Debug */ = {
			isa = XCBuildConfiguration;
			buildSettings = {
				ALWAYS_SEARCH_USER_PATHS = NO;
				CLANG_ANALYZER_NONNULL = YES;
				CLANG_CXX_LANGUAGE_STANDARD = "gnu++0x";
				CLANG_CXX_LIBRARY = "libc++";
				CLANG_ENABLE_MODULES = YES;
				CLANG_ENABLE_OBJC_ARC = YES;
				CLANG_WARN_BOOL_CONVERSION = YES;
				CLANG_WARN_CONSTANT_CONVERSION = YES;
				CLANG_WARN_DIRECT_OBJC_ISA_USAGE = YES_ERROR;
				CLANG_WARN_DOCUMENTATION_COMMENTS = YES;
				CLANG_WARN_EMPTY_BODY = YES;
				CLANG_WARN_ENUM_CONVERSION = YES;
				CLANG_WARN_INFINITE_RECURSION = YES;
				CLANG_WARN_INT_CONVERSION = YES;
				CLANG_WARN_OBJC_ROOT_CLASS = YES_ERROR;
				CLANG_WARN_SUSPICIOUS_MOVE = YES;
				CLANG_WARN_UNREACHABLE_CODE = YES;
				CLANG_WARN__DUPLICATE_METHOD_MATCH = YES;
				"CODE_SIGN_IDENTITY[sdk=iphoneos*]" = "iPhone Developer";
				COPY_PHASE_STRIP = NO;
				DEBUG_INFORMATION_FORMAT = dwarf;
				ENABLE_STRICT_OBJC_MSGSEND = YES;
				ENABLE_TESTABILITY = YES;
				GCC_C_LANGUAGE_STANDARD = gnu99;
				GCC_DYNAMIC_NO_PIC = NO;
				GCC_NO_COMMON_BLOCKS = YES;
				GCC_OPTIMIZATION_LEVEL = 0;
				GCC_PREPROCESSOR_DEFINITIONS = (
					"DEBUG=1",
					"$(inherited)",
				);
				GCC_WARN_64_TO_32_BIT_CONVERSION = YES;
				GCC_WARN_ABOUT_RETURN_TYPE = YES_ERROR;
				GCC_WARN_UNDECLARED_SELECTOR = YES;
				GCC_WARN_UNINITIALIZED_AUTOS = YES_AGGRESSIVE;
				GCC_WARN_UNUSED_FUNCTION = YES;
				GCC_WARN_UNUSED_VARIABLE = YES;
				IPHONEOS_DEPLOYMENT_TARGET = 10.2;
				MTL_ENABLE_DEBUG_INFO = YES;
				ONLY_ACTIVE_ARCH = YES;
				SDKROOT = iphoneos;
				SWIFT_ACTIVE_COMPILATION_CONDITIONS = DEBUG;
				SWIFT_OPTIMIZATION_LEVEL = "-Onone";
			};
			name = Debug;
		};
		6AFA01671FBFCC8B0032167F /* Release */ = {
			isa = XCBuildConfiguration;
			buildSettings = {
				ALWAYS_SEARCH_USER_PATHS = NO;
				CLANG_ANALYZER_NONNULL = YES;
				CLANG_CXX_LANGUAGE_STANDARD = "gnu++0x";
				CLANG_CXX_LIBRARY = "libc++";
				CLANG_ENABLE_MODULES = YES;
				CLANG_ENABLE_OBJC_ARC = YES;
				CLANG_WARN_BOOL_CONVERSION = YES;
				CLANG_WARN_CONSTANT_CONVERSION = YES;
				CLANG_WARN_DIRECT_OBJC_ISA_USAGE = YES_ERROR;
				CLANG_WARN_DOCUMENTATION_COMMENTS = YES;
				CLANG_WARN_EMPTY_BODY = YES;
				CLANG_WARN_ENUM_CONVERSION = YES;
				CLANG_WARN_INFINITE_RECURSION = YES;
				CLANG_WARN_INT_CONVERSION = YES;
				CLANG_WARN_OBJC_ROOT_CLASS = YES_ERROR;
				CLANG_WARN_SUSPICIOUS_MOVE = YES;
				CLANG_WARN_UNREACHABLE_CODE = YES;
				CLANG_WARN__DUPLICATE_METHOD_MATCH = YES;
				"CODE_SIGN_IDENTITY[sdk=iphoneos*]" = "iPhone Developer";
				COPY_PHASE_STRIP = NO;
				DEBUG_INFORMATION_FORMAT = "dwarf-with-dsym";
				ENABLE_NS_ASSERTIONS = NO;
				ENABLE_STRICT_OBJC_MSGSEND = YES;
				GCC_C_LANGUAGE_STANDARD = gnu99;
				GCC_NO_COMMON_BLOCKS = YES;
				GCC_WARN_64_TO_32_BIT_CONVERSION = YES;
				GCC_WARN_ABOUT_RETURN_TYPE = YES_ERROR;
				GCC_WARN_UNDECLARED_SELECTOR = YES;
				GCC_WARN_UNINITIALIZED_AUTOS = YES_AGGRESSIVE;
				GCC_WARN_UNUSED_FUNCTION = YES;
				GCC_WARN_UNUSED_VARIABLE = YES;
				IPHONEOS_DEPLOYMENT_TARGET = 10.2;
				MTL_ENABLE_DEBUG_INFO = NO;
				SDKROOT = iphoneos;
				SWIFT_OPTIMIZATION_LEVEL = "-Owholemodule";
				VALIDATE_PRODUCT = YES;
			};
			name = Release;
		};
		6AFA01691FBFCC8B0032167F /* Debug */ = {
			isa = XCBuildConfiguration;
			baseConfigurationReference = ABA8BBA0C630A679292458D0 /* Pods-uas bisma.debug.xcconfig */;
			buildSettings = {
				ASSETCATALOG_COMPILER_APPICON_NAME = AppIcon;
				INFOPLIST_FILE = "uas bisma/Info.plist";
				LD_RUNPATH_SEARCH_PATHS = "$(inherited) @executable_path/Frameworks";
				PRODUCT_BUNDLE_IDENTIFIER = "com.ios3-umn.uas-bisma";
				PRODUCT_NAME = "$(TARGET_NAME)";
				SWIFT_VERSION = 3.0;
			};
			name = Debug;
		};
		6AFA016A1FBFCC8B0032167F /* Release */ = {
			isa = XCBuildConfiguration;
			baseConfigurationReference = 41653E379A72A41EC1146A09 /* Pods-uas bisma.release.xcconfig */;
			buildSettings = {
				ASSETCATALOG_COMPILER_APPICON_NAME = AppIcon;
				INFOPLIST_FILE = "uas bisma/Info.plist";
				LD_RUNPATH_SEARCH_PATHS = "$(inherited) @executable_path/Frameworks";
				PRODUCT_BUNDLE_IDENTIFIER = "com.ios3-umn.uas-bisma";
				PRODUCT_NAME = "$(TARGET_NAME)";
				SWIFT_VERSION = 3.0;
			};
			name = Release;
		};
/* End XCBuildConfiguration section */

/* Begin XCConfigurationList section */
		6AFA01511FBFCC8B0032167F /* Build configuration list for PBXProject "uas bisma" */ = {
			isa = XCConfigurationList;
			buildConfigurations = (
				6AFA01661FBFCC8B0032167F /* Debug */,
				6AFA01671FBFCC8B0032167F /* Release */,
			);
			defaultConfigurationIsVisible = 0;
			defaultConfigurationName = Release;
		};
		6AFA01681FBFCC8B0032167F /* Build configuration list for PBXNativeTarget "uas bisma" */ = {
			isa = XCConfigurationList;
			buildConfigurations = (
				6AFA01691FBFCC8B0032167F /* Debug */,
				6AFA016A1FBFCC8B0032167F /* Release */,
			);
			defaultConfigurationIsVisible = 0;
			defaultConfigurationName = Release;
		};
/* End XCConfigurationList section */
	};
	rootObject = 6AFA014E1FBFCC8B0032167F /* Project object */;
}
